lockfileVersion: '9.0'

settings:
  autoInstallPeers: true
  excludeLinksFromLockfile: false

importers:

  .:
    devDependencies:
      '@inlang/paraglide-js':
        specifier: ^1.11.2
        version: 1.11.2

packages:

  '@inlang/detect-json-formatting@1.0.0':
    resolution: {integrity: sha512-o0jeI8U4TgNlsPwI0y92jld8/18Loh2KEgHCYCJ42rCOdxFrA8R60cydlEd2/6jkdHFn5DxKj8rOyiKv3z9uOw==}

  '@inlang/paraglide-js@1.11.2':
    resolution: {integrity: sha512-T9HCQO30Sq6L8tXQfdJI2CNMeNQxtMepJyoBYgK5QEN2LuIUqaoTfsZ2GryAqwFdAEj5FSM5Kdnf7f6shFqBHw==}
    hasBin: true

  asynckit@0.4.0:
    resolution: {integrity: sha512-Oei9OH4tRh0YqU3GxhX79dM/mwVgvbZJaSNaRk+bshkj0S5cfHcgYakreBjrHwatXKbz+IoIdYLxrKim2MjW0Q==}

  axios@1.7.7:
    resolution: {integrity: sha512-S4kL7XrjgBmvdGut0sN3yJxqYzrDOnivkBiN0OFs6hLiUam3UPvswUo0kqGyhqUZGEOytHyumEdXsAkgCOUf3Q==}

  combined-stream@1.0.8:
    resolution: {integrity: sha512-FQN4MRfuJeHf7cBbBMJFXhKSDq+2kAArBlmRBvcvFE5BB1HZKXtSFASDhdlz9zOYwxh8lDdnvmMOe/+5cdoEdg==}
    engines: {node: '>= 0.8'}

  commander@11.1.0:
    resolution: {integrity: sha512-yPVavfyCcRhmorC7rWlkHn15b4wDVgVmBA7kV4QVBsF7kv/9TKJAbAXVTxvTnwP8HHKjRCJDClKbciiYS7p0DQ==}
    engines: {node: '>=16'}

  consola@3.2.3:
    resolution: {integrity: sha512-I5qxpzLv+sJhTVEoLYNcTW+bThDCPsit0vLNKShZx6rLtpilNpmmeTPaeqJb9ZE9dV3DGaeby6Vuhrw38WjeyQ==}
    engines: {node: ^14.18.0 || >=16.10.0}

  dedent@1.5.1:
    resolution: {integrity: sha512-+LxW+KLWxu3HW3M2w2ympwtqPrqYRzU8fqi6Fhd18fBALe15blJPI/I4+UHveMVG6lJqB4JNd4UG0S5cnVHwIg==}
    peerDependencies:
      babel-plugin-macros: ^3.1.0
    peerDependenciesMeta:
      babel-plugin-macros:
        optional: true

  delayed-stream@1.0.0:
    resolution: {integrity: sha512-ZySD7Nf91aLB0RxL4KGrKHBXl7Eds1DAmEdcoVawXnLD7SDhpNgtuII2aAkg7a7QS41jxPSZ17p4VdGnMHk3MQ==}
    engines: {node: '>=0.4.0'}

  follow-redirects@1.15.9:
    resolution: {integrity: sha512-gew4GsXizNgdoRyqmyfMHyAmXsZDk6mHkSxZFCzW9gwlbtOW44CDtYavM+y+72qD/Vq2l550kMF52DT8fOLJqQ==}
    engines: {node: '>=4.0'}
    peerDependencies:
      debug: '*'
    peerDependenciesMeta:
      debug:
        optional: true

  form-data@4.0.0:
    resolution: {integrity: sha512-ETEklSGi5t0QMZuiXoA/Q6vcnxcLQP5vdugSpuAyi6SVGi2clPPp+xgEhuMaHC+zGgn31Kd235W35f7Hykkaww==}
    engines: {node: '>= 6'}

  guess-json-indent@2.0.0:
    resolution: {integrity: sha512-3Tm6R43KhtZWEVSHZnFmYMV9+gf3Vu0HXNNYtPVk2s7o8eGwYlJPHrjLtYw/7HBc10YxV+bfzKMuOf24z5qFng==}
    engines: {node: '>=16.17.0'}

  json5@2.2.3:
    resolution: {integrity: sha512-XmOWe7eyHYH14cLdVPoyg+GOH3rYX++KpzrylJwSW98t3Nk+U8XOl8FWKOgwtzdb8lXGf6zYwDUzeHMWfxasyg==}
    engines: {node: '>=6'}
    hasBin: true

  mime-db@1.52.0:
    resolution: {integrity: sha512-sPU4uV7dYlvtWJxwwxHD0PuihVNiE7TyAbQ5SWxDCB9mUYvOgroQOwYQQOKPJ8CIbE+1ETVlOoK1UC2nU3gYvg==}
    engines: {node: '>= 0.6'}

  mime-types@2.1.35:
    resolution: {integrity: sha512-ZDY+bPm5zTTF+YpCrAU9nK0UgICYPT0QtT1NZWFv4s++TNkcgVaT0g6+4R2uI4MjQjzysHB1zxuWL50hzaeXiw==}
    engines: {node: '>= 0.6'}

  posthog-node@3.1.3:
    resolution: {integrity: sha512-UaOOoWEUYTcaaDe1w0fgHW/sXvFr3RO0l7yI7RUDzkZNZCfwXNO9r3pc14d1EtNppF/SHBrV5hNiZZATpf/vUw==}
    engines: {node: '>=15.0.0'}

  proxy-from-env@1.1.0:
    resolution: {integrity: sha512-D+zkORCbA9f1tdWRK0RaCR3GPv50cMxcrz4X8k5LTSUD1Dkw47mKJEZQNunItRTkWwgtaUSo1RVFRIG9ZXiFYg==}

  rusha@0.8.14:
    resolution: {integrity: sha512-cLgakCUf6PedEu15t8kbsjnwIFFR2D4RfL+W3iWFJ4iac7z4B0ZI8fxy4R3J956kAI68HclCFGL8MPoUVC3qVA==}

snapshots:

  '@inlang/detect-json-formatting@1.0.0':
    dependencies:
      guess-json-indent: 2.0.0

  '@inlang/paraglide-js@1.11.2':
    dependencies:
      '@inlang/detect-json-formatting': 1.0.0
      commander: 11.1.0
      consola: 3.2.3
      dedent: 1.5.1
      json5: 2.2.3
      posthog-node: 3.1.3
    transitivePeerDependencies:
      - babel-plugin-macros
      - debug

  asynckit@0.4.0: {}

  axios@1.7.7:
    dependencies:
      follow-redirects: 1.15.9
      form-data: 4.0.0
      proxy-from-env: 1.1.0
    transitivePeerDependencies:
      - debug

  combined-stream@1.0.8:
    dependencies:
      delayed-stream: 1.0.0

  commander@11.1.0: {}

  consola@3.2.3: {}

  dedent@1.5.1: {}

  delayed-stream@1.0.0: {}

  follow-redirects@1.15.9: {}

  form-data@4.0.0:
    dependencies:
      asynckit: 0.4.0
      combined-stream: 1.0.8
      mime-types: 2.1.35

  guess-json-indent@2.0.0: {}

  json5@2.2.3: {}

  mime-db@1.52.0: {}

  mime-types@2.1.35:
    dependencies:
      mime-db: 1.52.0

  posthog-node@3.1.3:
    dependencies:
      axios: 1.7.7
      rusha: 0.8.14
    transitivePeerDependencies:
      - debug

  proxy-from-env@1.1.0: {}

  rusha@0.8.14: {}
